
Microsoft Visual Studio Solution File, Format Version 12.00
# Visual Studio Version 16
VisualStudioVersion = 16.0.31019.35
MinimumVisualStudioVersion = 10.0.40219.1
Project("{FAE04EC0-301F-11D3-BF4B-00C04F79EFBC}") = "CaracalReader", "CaracalReader\CaracalReader.csproj", "{BD1C804A-8773-4861-B1E2-F5EBA4488F26}"
EndProject
Global
	GlobalSection(SolutionConfigurationPlatforms) = preSolution
		Debug|Any CPU = Debug|Any CPU
		Release|Any CPU = Release|Any CPU
	EndGlobalSection
	GlobalSection(ProjectConfigurationPlatforms) = postSolution
		{BD1C804A-8773-4861-B1E2-F5EBA4488F26}.Debug|Any CPU.ActiveCfg = Debug|Any CPU
		{BD1C804A-8773-4861-B1E2-F5EBA4488F26}.Debug|Any CPU.Build.0 = Debug|Any CPU
		{BD1C804A-8773-4861-B1E2-F5EBA4488F26}.Release|Any CPU.ActiveCfg = Release|Any CPU
		{BD1C804A-8773-4861-B1E2-F5EBA4488F26}.Release|Any CPU.Build.0 = Release|Any CPU
	EndGlobalSection
	GlobalSection(SolutionProperties) = preSolution
		HideSolutionNode = FALSE
	EndGlobalSection
	GlobalSection(ExtensibilityGlobals) = postSolution
		SolutionGuid = {D24E5735-0374-4184-AF43-34D1922DEB38}
	EndGlobalSection
EndGlobal
